github.com/axgle/mahonia v0.0.0-20180208002826-3358181d7394 h1:OYA+5W64v3OgClL+IrOD63t4i/RW7RqrAVl9LTZ9UqQ=
github.com/axgle/mahonia v0.0.0-20180208002826-3358181d7394/go.mod h1:Q8n74mJTIgjX4RBBcHnJ05h//6/k6foqmgE45jTQtxg=
github.com/coraldane/dnspool v0.0.0-20180211015722-2340b77dddfd h1:wa3AGhV0SWo4jK8AFuVYeGOe2PacizYGNiwTfJPzeLo=
github.com/coraldane/dnspool v0.0.0-20180211015722-2340b77dddfd/go.mod h1:nuhOpce8DexxofuAElP8WlABkeFySHaVT6L28h6sxTs=
github.com/coraldane/logger v0.0.0-20200423034437-f3eeecab5728/go.mod h1:y/TJyGSnEMsVipCf6/cupoLv33riUPeTmEQ89ztU184=
github.com/coraldane/toolkits v0.0.0-20210211043403-e5075678a195 h1:bQoSDisE/dygwx7EwIZNalVgthxc2TBFgAP9fHTaSiU=
github.com/coraldane/toolkits v0.0.0-20210211043403-e5075678a195/go.mod h1:6uqmXaGsuyxR6Ir1YmyP5DOZJoSkHl0qNOgR84cVmAw=
github.com/google/uuid v1.0.0/go.mod h1:TIyPZe4MgqvfeYDBFedMoGGpEw/LqOeaOT+nhxU+yHo=
github.com/gorilla/websocket v1.5.0 h1:PPwGk2jz7EePpoHN/+ClbZu8SPxiqlu12wZP/3sWmnc=
github.com/gorilla/websocket v1.5.0/go.mod h1:YR8l580nyteQvAITg2hZ9XVh4b55+EU/adAjf1fMHhE=
github.com/pborman/uuid v1.2.1/go.mod h1:X/NO0urCmaxf9VXbdlT7C2Yzkj2IKimNn4k+gtPdI/k=
